
Microsoft Visual Studio Solution File, Format Version 12.00
# Visual Studio Version 16
VisualStudioVersion = 16.0.29519.87
MinimumVisualStudioVersion = 10.0.40219.1
Project("{9A19103F-16F7-4668-BE54-9A1E7A4F7556}") = "BlazorApp", "BlazorApp\BlazorApp.csproj", "{E8A7405E-4C3B-4B3F-A522-D7F17A0BCDBB}"
EndProject
Global
	GlobalSection(SolutionConfigurationPlatforms) = preSolution
		Debug|Any CPU = Debug|Any CPU
		Release|Any CPU = Release|Any CPU
	EndGlobalSection
	GlobalSection(ProjectConfigurationPlatforms) = postSolution
		{E8A7405E-4C3B-4B3F-A522-D7F17A0BCDBB}.Debug|Any CPU.ActiveCfg = Debug|Any CPU
		{E8A7405E-4C3B-4B3F-A522-D7F17A0BCDBB}.Debug|Any CPU.Build.0 = Debug|Any CPU
		{E8A7405E-4C3B-4B3F-A522-D7F17A0BCDBB}.Release|Any CPU.ActiveCfg = Release|Any CPU
		{E8A7405E-4C3B-4B3F-A522-D7F17A0BCDBB}.Release|Any CPU.Build.0 = Release|Any CPU
	EndGlobalSection
	GlobalSection(SolutionProperties) = preSolution
		HideSolutionNode = FALSE
	EndGlobalSection
	GlobalSection(ExtensibilityGlobals) = postSolution
		SolutionGuid = {228EFE48-4FA5-4E7D-A712-7D8E7DD05AF2}
	EndGlobalSection
EndGlobal
